{
  "requires": true,
  "lockfileVersion": 1,
  "dependencies": {
    "jeroenpauw-palindrome": {
      "version": "0.1.0",
      "resolved": "https://registry.npmjs.org/jeroenpauw-palindrome/-/jeroenpauw-palindrome-0.1.0.tgz",
      "integrity": "sha512-ti+ngpFux1PU0/1hrnk7aCLafA9tcOodblayLTC8K6Nw193T4IFv9TlIqmzk1W4Mcf1w0LHDh3/D92Bj6Wgm/Q=="
    }
  }
}
